
Microsoft Visual Studio Solution File, Format Version 12.00
# Visual Studio Version 16
VisualStudioVersion = 16.0.808.2
MinimumVisualStudioVersion = 10.0.40219.1
Project("{FAE04EC0-301F-11D3-BF4B-00C04F79EFBC}") = "WebGisSocket", "WebGisSocket.csproj", "{E65365E0-ECD7-47F0-AB16-55A430CAA0DD}"
EndProject
Global
	GlobalSection(SolutionConfigurationPlatforms) = preSolution
		Debug|Any CPU = Debug|Any CPU
		Release|Any CPU = Release|Any CPU
	EndGlobalSection
	GlobalSection(ProjectConfigurationPlatforms) = postSolution
		{E65365E0-ECD7-47F0-AB16-55A430CAA0DD}.Debug|Any CPU.ActiveCfg = Debug|Any CPU
		{E65365E0-ECD7-47F0-AB16-55A430CAA0DD}.Debug|Any CPU.Build.0 = Debug|Any CPU
		{E65365E0-ECD7-47F0-AB16-55A430CAA0DD}.Release|Any CPU.ActiveCfg = Release|Any CPU
		{E65365E0-ECD7-47F0-AB16-55A430CAA0DD}.Release|Any CPU.Build.0 = Release|Any CPU
	EndGlobalSection
	GlobalSection(SolutionProperties) = preSolution
		HideSolutionNode = FALSE
	EndGlobalSection
	GlobalSection(ExtensibilityGlobals) = postSolution
		SolutionGuid = {DAE70183-F405-4236-8B69-0D136E32E576}
	EndGlobalSection
EndGlobal
